
Microsoft Visual Studio Solution File, Format Version 12.00
# Visual Studio Version 17
VisualStudioVersion = 17.6.33829.357
MinimumVisualStudioVersion = 10.0.40219.1
Project("{9A19103F-16F7-4668-BE54-9A1E7A4F7556}") = "AsyncEnumerable", "AsyncEnumerable\AsyncEnumerable.csproj", "{ABB81B93-769B-46BB-914E-E7DDD45EAC69}"
EndProject
Project("{FAE04EC0-301F-11D3-BF4B-00C04F79EFBC}") = "AsyncEnumerable.UnitTests", "AsyncEnumerable.UnitTests\AsyncEnumerable.UnitTests.csproj", "{4EC8D4AF-1D55-4392-9EF5-3A532BF12607}"
EndProject
Global
	GlobalSection(SolutionConfigurationPlatforms) = preSolution
		Debug|Any CPU = Debug|Any CPU
		Release|Any CPU = Release|Any CPU
	EndGlobalSection
	GlobalSection(ProjectConfigurationPlatforms) = postSolution
		{ABB81B93-769B-46BB-914E-E7DDD45EAC69}.Debug|Any CPU.ActiveCfg = Debug|Any CPU
		{ABB81B93-769B-46BB-914E-E7DDD45EAC69}.Debug|Any CPU.Build.0 = Debug|Any CPU
		{ABB81B93-769B-46BB-914E-E7DDD45EAC69}.Release|Any CPU.ActiveCfg = Release|Any CPU
		{ABB81B93-769B-46BB-914E-E7DDD45EAC69}.Release|Any CPU.Build.0 = Release|Any CPU
		{4EC8D4AF-1D55-4392-9EF5-3A532BF12607}.Debug|Any CPU.ActiveCfg = Debug|Any CPU
		{4EC8D4AF-1D55-4392-9EF5-3A532BF12607}.Debug|Any CPU.Build.0 = Debug|Any CPU
		{4EC8D4AF-1D55-4392-9EF5-3A532BF12607}.Release|Any CPU.ActiveCfg = Release|Any CPU
		{4EC8D4AF-1D55-4392-9EF5-3A532BF12607}.Release|Any CPU.Build.0 = Release|Any CPU
	EndGlobalSection
	GlobalSection(SolutionProperties) = preSolution
		HideSolutionNode = FALSE
	EndGlobalSection
	GlobalSection(ExtensibilityGlobals) = postSolution
		SolutionGuid = {41469A4D-8034-4089-81CE-A5C28AD3411F}
	EndGlobalSection
EndGlobal
